
Microsoft Visual Studio Solution File, Format Version 12.00
# Visual Studio 2012
Project("{8BC9CEB8-8B4A-11D0-8D11-00A0C91BC942}") = "steedC", "steedC\steedC.vcxproj", "{46B108B8-0035-4803-8C52-4140D8C479A0}"
EndProject
Global
	GlobalSection(SolutionConfigurationPlatforms) = preSolution
		Debug|Win32 = Debug|Win32
		Release|Win32 = Release|Win32
	EndGlobalSection
	GlobalSection(ProjectConfigurationPlatforms) = postSolution
		{46B108B8-0035-4803-8C52-4140D8C479A0}.Debug|Win32.ActiveCfg = Debug|Win32
		{46B108B8-0035-4803-8C52-4140D8C479A0}.Debug|Win32.Build.0 = Debug|Win32
		{46B108B8-0035-4803-8C52-4140D8C479A0}.Release|Win32.ActiveCfg = Release|Win32
		{46B108B8-0035-4803-8C52-4140D8C479A0}.Release|Win32.Build.0 = Release|Win32
	EndGlobalSection
	GlobalSection(SolutionProperties) = preSolution
		HideSolutionNode = FALSE
	EndGlobalSection
EndGlobal
